
Microsoft Visual Studio Solution File, Format Version 12.00
# Visual Studio Version 17
VisualStudioVersion = 17.7.34221.43
MinimumVisualStudioVersion = 10.0.40219.1
Project("{9A19103F-16F7-4668-BE54-9A1E7A4F7556}") = "IsbnHelperConsoleApp", "app\IsbnHelperConsoleApp\IsbnHelperConsoleApp.csproj", "{ACB6AF77-B7D4-4535-8CD4-2CA5A456C6AA}"
EndProject
Global
	GlobalSection(SolutionConfigurationPlatforms) = preSolution
		Debug|Any CPU = Debug|Any CPU
		Release|Any CPU = Release|Any CPU
	EndGlobalSection
	GlobalSection(ProjectConfigurationPlatforms) = postSolution
		{ACB6AF77-B7D4-4535-8CD4-2CA5A456C6AA}.Debug|Any CPU.ActiveCfg = Debug|Any CPU
		{ACB6AF77-B7D4-4535-8CD4-2CA5A456C6AA}.Debug|Any CPU.Build.0 = Debug|Any CPU
		{ACB6AF77-B7D4-4535-8CD4-2CA5A456C6AA}.Release|Any CPU.ActiveCfg = Release|Any CPU
		{ACB6AF77-B7D4-4535-8CD4-2CA5A456C6AA}.Release|Any CPU.Build.0 = Release|Any CPU
	EndGlobalSection
	GlobalSection(SolutionProperties) = preSolution
		HideSolutionNode = FALSE
	EndGlobalSection
	GlobalSection(ExtensibilityGlobals) = postSolution
		SolutionGuid = {41FF6E5B-0702-4069-BF7F-17CA4173CF05}
	EndGlobalSection
EndGlobal
